
Microsoft Visual Studio Solution File, Format Version 12.00
# Visual Studio 14
VisualStudioVersion = 14.0.25420.1
MinimumVisualStudioVersion = 10.0.40219.1
Project("{FAE04EC0-301F-11D3-BF4B-00C04F79EFBC}") = "GGG_OnlineShop.Web.Api", "GGG_OnlineShop.Web.Api\GGG_OnlineShop.Web.Api.csproj", "{1B1A382D-4C2B-4063-BED5-7774022234B3}"
EndProject
Project("{2150E333-8FDC-42A3-9474-1A3956D46DE8}") = "Web", "Web", "{05B84AC1-9115-4D07-8AC0-60BC95C5041C}"
EndProject
Project("{2150E333-8FDC-42A3-9474-1A3956D46DE8}") = "Common", "Common", "{F552B2DD-EE7A-44E2-9008-811F731E55CB}"
EndProject
Project("{2150E333-8FDC-42A3-9474-1A3956D46DE8}") = "Data", "Data", "{3B3A627A-E912-4EE8-B752-6A2ED51ABA98}"
EndProject
Project("{2150E333-8FDC-42A3-9474-1A3956D46DE8}") = "Services", "Services", "{9AFF780E-DA50-487C-B0C9-63141B62502F}"
EndProject
Project("{FAE04EC0-301F-11D3-BF4B-00C04F79EFBC}") = "GGG_OnlineShop.InternalApiDB.Data", "GGG_onlineShop.Data\GGG_OnlineShop.InternalApiDB.Data.csproj", "{602C2947-92C6-4119-B519-3A2AA26B55AA}"
EndProject
Project("{FAE04EC0-301F-11D3-BF4B-00C04F79EFBC}") = "GGG_OnlineShop.InternalApiDB.Models", "GGG_onlineShop.Models\GGG_OnlineShop.InternalApiDB.Models.csproj", "{B8D0E014-1843-4AC3-A5C4-5E64875B2CBE}"
EndProject
Project("{FAE04EC0-301F-11D3-BF4B-00C04F79EFBC}") = "GGG_OnlineShop.Data.Services", "GGG_onlineShop.Data.Services\GGG_OnlineShop.Data.Services.csproj", "{6AD37FF9-0DBF-4454-A883-68298E36DE36}"
EndProject
Project("{FAE04EC0-301F-11D3-BF4B-00C04F79EFBC}") = "GGG_OnlineShop.Common", "GGG_OnlineShop.Common\GGG_OnlineShop.Common.csproj", "{37895E29-1472-4A8B-BF00-0297412AEB8F}"
EndProject
Project("{2150E333-8FDC-42A3-9474-1A3956D46DE8}") = "InternalApiDB", "InternalApiDB", "{CABDDCE0-44C4-4643-B2FC-C4A8AFC54DA6}"
EndProject
Project("{2150E333-8FDC-42A3-9474-1A3956D46DE8}") = "ExternalGlassesDB", "ExternalGlassesDB", "{DB2D5D10-24BA-44D8-85B1-16BEBFEC3B59}"
EndProject
Project("{FAE04EC0-301F-11D3-BF4B-00C04F79EFBC}") = "GGG_OnlineShop.Data.Common", "GGG_OnlineShop.Data.Common\GGG_OnlineShop.Data.Common.csproj", "{4ACF8F02-0714-4E56-B83C-7F826FA41EDA}"
EndProject
Project("{2150E333-8FDC-42A3-9474-1A3956D46DE8}") = "Infrastructure", "Infrastructure", "{49335FBD-8F91-420A-A6A0-B321F8993540}"
EndProject
Project("{FAE04EC0-301F-11D3-BF4B-00C04F79EFBC}") = "GGG_OnlineShop.Infrastructure", "GGG_OnlineShop.Infrastructure\GGG_OnlineShop.Infrastructure.csproj", "{A3437FD5-3A9C-490C-9BBB-19BEF4F1EACE}"
EndProject
Project("{FAE04EC0-301F-11D3-BF4B-00C04F79EFBC}") = "GGG_OnlineShop.Common.Services", "GGG_onlineShop.Common.Services\GGG_OnlineShop.Common.Services.csproj", "{18875225-361F-4C76-9CB0-E312C126FC63}"
EndProject
Project("{2150E333-8FDC-42A3-9474-1A3956D46DE8}") = "SkladProDbManager", "SkladProDbManager", "{3A4D5157-0AAE-4F9C-91A6-7A70B82AE863}"
EndProject
Project("{FAE04EC0-301F-11D3-BF4B-00C04F79EFBC}") = "ProductExcelSheets.app", "ProductExcelSheets.app\ProductExcelSheets.app.csproj", "{5E3230E1-105B-4B56-B56C-2D851356FB92}"
EndProject
Project("{2150E333-8FDC-42A3-9474-1A3956D46DE8}") = "Tests", "Tests", "{DE63C0E8-7C58-4719-9EDE-7189C04535D6}"
EndProject
Project("{FAE04EC0-301F-11D3-BF4B-00C04F79EFBC}") = "ProductExcelSheets.app.tests", "ProductExcelSheets.app.tests\ProductExcelSheets.app.tests.csproj", "{F602A265-5F47-4D52-AF8D-C1AB660F542F}"
EndProject
Project("{FAE04EC0-301F-11D3-BF4B-00C04F79EFBC}") = "SkladProDB.Models", "SkladProDB.Models\SkladProDB.Models.csproj", "{23D4A163-B78F-4CF1-9F6C-9F62FBB0F491}"
EndProject
Project("{FAE04EC0-301F-11D3-BF4B-00C04F79EFBC}") = "GGG_OnlineShop_SkladProDB.Data", "SkladProDB.Data\GGG_OnlineShop_SkladProDB.Data.csproj", "{6F949385-1832-4CAC-B653-8F428E28380E}"
EndProject
Project("{FAE04EC0-301F-11D3-BF4B-00C04F79EFBC}") = "GGG_OnlineShop.Web.Api.Tests", "GGG_OnlineShop.Web.Api.Tests\GGG_OnlineShop.Web.Api.Tests.csproj", "{C8361421-A8E2-4C54-B917-6F70FD7E7924}"
EndProject
Project("{FAE04EC0-301F-11D3-BF4B-00C04F79EFBC}") = "GGG_OnlineShop.Data.Services.Tests", "GGG_OnlineShop.Data.Services.Tests\GGG_OnlineShop.Data.Services.Tests.csproj", "{B215EB3B-E47E-424A-B33A-34FA3767705A}"
EndProject
Global
	GlobalSection(SolutionConfigurationPlatforms) = preSolution
		Debug|Any CPU = Debug|Any CPU
		Release|Any CPU = Release|Any CPU
	EndGlobalSection
	GlobalSection(ProjectConfigurationPlatforms) = postSolution
		{1B1A382D-4C2B-4063-BED5-7774022234B3}.Debug|Any CPU.ActiveCfg = Debug|Any CPU
		{1B1A382D-4C2B-4063-BED5-7774022234B3}.Debug|Any CPU.Build.0 = Debug|Any CPU
		{1B1A382D-4C2B-4063-BED5-7774022234B3}.Release|Any CPU.ActiveCfg = Release|Any CPU
		{1B1A382D-4C2B-4063-BED5-7774022234B3}.Release|Any CPU.Build.0 = Release|Any CPU
		{602C2947-92C6-4119-B519-3A2AA26B55AA}.Debug|Any CPU.ActiveCfg = Debug|Any CPU
		{602C2947-92C6-4119-B519-3A2AA26B55AA}.Debug|Any CPU.Build.0 = Debug|Any CPU
		{602C2947-92C6-4119-B519-3A2AA26B55AA}.Release|Any CPU.ActiveCfg = Release|Any CPU
		{602C2947-92C6-4119-B519-3A2AA26B55AA}.Release|Any CPU.Build.0 = Release|Any CPU
		{B8D0E014-1843-4AC3-A5C4-5E64875B2CBE}.Debug|Any CPU.ActiveCfg = Debug|Any CPU
		{B8D0E014-1843-4AC3-A5C4-5E64875B2CBE}.Debug|Any CPU.Build.0 = Debug|Any CPU
		{B8D0E014-1843-4AC3-A5C4-5E64875B2CBE}.Release|Any CPU.ActiveCfg = Release|Any CPU
		{B8D0E014-1843-4AC3-A5C4-5E64875B2CBE}.Release|Any CPU.Build.0 = Release|Any CPU
		{6AD37FF9-0DBF-4454-A883-68298E36DE36}.Debug|Any CPU.ActiveCfg = Debug|Any CPU
		{6AD37FF9-0DBF-4454-A883-68298E36DE36}.Debug|Any CPU.Build.0 = Debug|Any CPU
		{6AD37FF9-0DBF-4454-A883-68298E36DE36}.Release|Any CPU.ActiveCfg = Release|Any CPU
		{6AD37FF9-0DBF-4454-A883-68298E36DE36}.Release|Any CPU.Build.0 = Release|Any CPU
		{37895E29-1472-4A8B-BF00-0297412AEB8F}.Debug|Any CPU.ActiveCfg = Debug|Any CPU
		{37895E29-1472-4A8B-BF00-0297412AEB8F}.Debug|Any CPU.Build.0 = Debug|Any CPU
		{37895E29-1472-4A8B-BF00-0297412AEB8F}.Release|Any CPU.ActiveCfg = Release|Any CPU
		{37895E29-1472-4A8B-BF00-0297412AEB8F}.Release|Any CPU.Build.0 = Release|Any CPU
		{4ACF8F02-0714-4E56-B83C-7F826FA41EDA}.Debug|Any CPU.ActiveCfg = Debug|Any CPU
		{4ACF8F02-0714-4E56-B83C-7F826FA41EDA}.Debug|Any CPU.Build.0 = Debug|Any CPU
		{4ACF8F02-0714-4E56-B83C-7F826FA41EDA}.Release|Any CPU.ActiveCfg = Release|Any CPU
		{4ACF8F02-0714-4E56-B83C-7F826FA41EDA}.Release|Any CPU.Build.0 = Release|Any CPU
		{A3437FD5-3A9C-490C-9BBB-19BEF4F1EACE}.Debug|Any CPU.ActiveCfg = Debug|Any CPU
		{A3437FD5-3A9C-490C-9BBB-19BEF4F1EACE}.Debug|Any CPU.Build.0 = Debug|Any CPU
		{A3437FD5-3A9C-490C-9BBB-19BEF4F1EACE}.Release|Any CPU.ActiveCfg = Release|Any CPU
		{A3437FD5-3A9C-490C-9BBB-19BEF4F1EACE}.Release|Any CPU.Build.0 = Release|Any CPU
		{18875225-361F-4C76-9CB0-E312C126FC63}.Debug|Any CPU.ActiveCfg = Debug|Any CPU
		{18875225-361F-4C76-9CB0-E312C126FC63}.Debug|Any CPU.Build.0 = Debug|Any CPU
		{18875225-361F-4C76-9CB0-E312C126FC63}.Release|Any CPU.ActiveCfg = Release|Any CPU
		{18875225-361F-4C76-9CB0-E312C126FC63}.Release|Any CPU.Build.0 = Release|Any CPU
		{5E3230E1-105B-4B56-B56C-2D851356FB92}.Debug|Any CPU.ActiveCfg = Debug|Any CPU
		{5E3230E1-105B-4B56-B56C-2D851356FB92}.Debug|Any CPU.Build.0 = Debug|Any CPU
		{5E3230E1-105B-4B56-B56C-2D851356FB92}.Release|Any CPU.ActiveCfg = Release|Any CPU
		{5E3230E1-105B-4B56-B56C-2D851356FB92}.Release|Any CPU.Build.0 = Release|Any CPU
		{F602A265-5F47-4D52-AF8D-C1AB660F542F}.Debug|Any CPU.ActiveCfg = Debug|Any CPU
		{F602A265-5F47-4D52-AF8D-C1AB660F542F}.Debug|Any CPU.Build.0 = Debug|Any CPU
		{F602A265-5F47-4D52-AF8D-C1AB660F542F}.Release|Any CPU.ActiveCfg = Release|Any CPU
		{F602A265-5F47-4D52-AF8D-C1AB660F542F}.Release|Any CPU.Build.0 = Release|Any CPU
		{23D4A163-B78F-4CF1-9F6C-9F62FBB0F491}.Debug|Any CPU.ActiveCfg = Debug|Any CPU
		{23D4A163-B78F-4CF1-9F6C-9F62FBB0F491}.Debug|Any CPU.Build.0 = Debug|Any CPU
		{23D4A163-B78F-4CF1-9F6C-9F62FBB0F491}.Release|Any CPU.ActiveCfg = Release|Any CPU
		{23D4A163-B78F-4CF1-9F6C-9F62FBB0F491}.Release|Any CPU.Build.0 = Release|Any CPU
		{6F949385-1832-4CAC-B653-8F428E28380E}.Debug|Any CPU.ActiveCfg = Debug|Any CPU
		{6F949385-1832-4CAC-B653-8F428E28380E}.Debug|Any CPU.Build.0 = Debug|Any CPU
		{6F949385-1832-4CAC-B653-8F428E28380E}.Release|Any CPU.ActiveCfg = Release|Any CPU
		{6F949385-1832-4CAC-B653-8F428E28380E}.Release|Any CPU.Build.0 = Release|Any CPU
		{C8361421-A8E2-4C54-B917-6F70FD7E7924}.Debug|Any CPU.ActiveCfg = Debug|Any CPU
		{C8361421-A8E2-4C54-B917-6F70FD7E7924}.Debug|Any CPU.Build.0 = Debug|Any CPU
		{C8361421-A8E2-4C54-B917-6F70FD7E7924}.Release|Any CPU.ActiveCfg = Release|Any CPU
		{C8361421-A8E2-4C54-B917-6F70FD7E7924}.Release|Any CPU.Build.0 = Release|Any CPU
		{B215EB3B-E47E-424A-B33A-34FA3767705A}.Debug|Any CPU.ActiveCfg = Debug|Any CPU
		{B215EB3B-E47E-424A-B33A-34FA3767705A}.Debug|Any CPU.Build.0 = Debug|Any CPU
		{B215EB3B-E47E-424A-B33A-34FA3767705A}.Release|Any CPU.ActiveCfg = Release|Any CPU
		{B215EB3B-E47E-424A-B33A-34FA3767705A}.Release|Any CPU.Build.0 = Release|Any CPU
	EndGlobalSection
	GlobalSection(SolutionProperties) = preSolution
		HideSolutionNode = FALSE
	EndGlobalSection
	GlobalSection(NestedProjects) = preSolution
		{1B1A382D-4C2B-4063-BED5-7774022234B3} = {05B84AC1-9115-4D07-8AC0-60BC95C5041C}
		{602C2947-92C6-4119-B519-3A2AA26B55AA} = {CABDDCE0-44C4-4643-B2FC-C4A8AFC54DA6}
		{B8D0E014-1843-4AC3-A5C4-5E64875B2CBE} = {CABDDCE0-44C4-4643-B2FC-C4A8AFC54DA6}
		{6AD37FF9-0DBF-4454-A883-68298E36DE36} = {9AFF780E-DA50-487C-B0C9-63141B62502F}
		{37895E29-1472-4A8B-BF00-0297412AEB8F} = {F552B2DD-EE7A-44E2-9008-811F731E55CB}
		{CABDDCE0-44C4-4643-B2FC-C4A8AFC54DA6} = {3B3A627A-E912-4EE8-B752-6A2ED51ABA98}
		{DB2D5D10-24BA-44D8-85B1-16BEBFEC3B59} = {3B3A627A-E912-4EE8-B752-6A2ED51ABA98}
		{4ACF8F02-0714-4E56-B83C-7F826FA41EDA} = {3B3A627A-E912-4EE8-B752-6A2ED51ABA98}
		{A3437FD5-3A9C-490C-9BBB-19BEF4F1EACE} = {49335FBD-8F91-420A-A6A0-B321F8993540}
		{18875225-361F-4C76-9CB0-E312C126FC63} = {9AFF780E-DA50-487C-B0C9-63141B62502F}
		{5E3230E1-105B-4B56-B56C-2D851356FB92} = {3A4D5157-0AAE-4F9C-91A6-7A70B82AE863}
		{F602A265-5F47-4D52-AF8D-C1AB660F542F} = {DE63C0E8-7C58-4719-9EDE-7189C04535D6}
		{23D4A163-B78F-4CF1-9F6C-9F62FBB0F491} = {DB2D5D10-24BA-44D8-85B1-16BEBFEC3B59}
		{6F949385-1832-4CAC-B653-8F428E28380E} = {DB2D5D10-24BA-44D8-85B1-16BEBFEC3B59}
		{C8361421-A8E2-4C54-B917-6F70FD7E7924} = {DE63C0E8-7C58-4719-9EDE-7189C04535D6}
		{B215EB3B-E47E-424A-B33A-34FA3767705A} = {DE63C0E8-7C58-4719-9EDE-7189C04535D6}
	EndGlobalSection
EndGlobal
